
Microsoft Visual Studio Solution File, Format Version 12.00
# Visual Studio 15
VisualStudioVersion = 15.0.26730.16
MinimumVisualStudioVersion = 10.0.40219.1
Project("{FAE04EC0-301F-11D3-BF4B-00C04F79EFBC}") = "my1101(2)", "my1101(2)\my1101(2).csproj", "{383A8DEF-1753-4F19-9238-C82167157082}"
EndProject
Global
	GlobalSection(SolutionConfigurationPlatforms) = preSolution
		Debug|Any CPU = Debug|Any CPU
		Release|Any CPU = Release|Any CPU
	EndGlobalSection
	GlobalSection(ProjectConfigurationPlatforms) = postSolution
		{383A8DEF-1753-4F19-9238-C82167157082}.Debug|Any CPU.ActiveCfg = Debug|Any CPU
		{383A8DEF-1753-4F19-9238-C82167157082}.Debug|Any CPU.Build.0 = Debug|Any CPU
		{383A8DEF-1753-4F19-9238-C82167157082}.Release|Any CPU.ActiveCfg = Release|Any CPU
		{383A8DEF-1753-4F19-9238-C82167157082}.Release|Any CPU.Build.0 = Release|Any CPU
	EndGlobalSection
	GlobalSection(SolutionProperties) = preSolution
		HideSolutionNode = FALSE
	EndGlobalSection
	GlobalSection(ExtensibilityGlobals) = postSolution
		SolutionGuid = {CDCEFC78-1293-403F-B4E1-175881679A74}
	EndGlobalSection
EndGlobal
