
Microsoft Visual Studio Solution File, Format Version 12.00
# Visual Studio 15
VisualStudioVersion = 15.0.26730.16
MinimumVisualStudioVersion = 10.0.40219.1
Project("{FAE04EC0-301F-11D3-BF4B-00C04F79EFBC}") = "my1121", "my1121\my1121.csproj", "{FDEC7702-B5FE-485E-8D09-F024CDB58EBC}"
EndProject
Global
	GlobalSection(SolutionConfigurationPlatforms) = preSolution
		Debug|Any CPU = Debug|Any CPU
		Release|Any CPU = Release|Any CPU
	EndGlobalSection
	GlobalSection(ProjectConfigurationPlatforms) = postSolution
		{FDEC7702-B5FE-485E-8D09-F024CDB58EBC}.Debug|Any CPU.ActiveCfg = Debug|Any CPU
		{FDEC7702-B5FE-485E-8D09-F024CDB58EBC}.Debug|Any CPU.Build.0 = Debug|Any CPU
		{FDEC7702-B5FE-485E-8D09-F024CDB58EBC}.Release|Any CPU.ActiveCfg = Release|Any CPU
		{FDEC7702-B5FE-485E-8D09-F024CDB58EBC}.Release|Any CPU.Build.0 = Release|Any CPU
	EndGlobalSection
	GlobalSection(SolutionProperties) = preSolution
		HideSolutionNode = FALSE
	EndGlobalSection
	GlobalSection(ExtensibilityGlobals) = postSolution
		SolutionGuid = {8CD21974-1BBA-4BBB-804E-6DB9CED21ACB}
	EndGlobalSection
EndGlobal
