
Microsoft Visual Studio Solution File, Format Version 12.00
# Visual Studio 15
VisualStudioVersion = 15.0.26730.16
MinimumVisualStudioVersion = 10.0.40219.1
Project("{FAE04EC0-301F-11D3-BF4B-00C04F79EFBC}") = "my1115", "my1115\my1115.csproj", "{3284B811-2F12-4FC6-B1E8-19ECDC4F8C45}"
EndProject
Global
	GlobalSection(SolutionConfigurationPlatforms) = preSolution
		Debug|Any CPU = Debug|Any CPU
		Release|Any CPU = Release|Any CPU
	EndGlobalSection
	GlobalSection(ProjectConfigurationPlatforms) = postSolution
		{3284B811-2F12-4FC6-B1E8-19ECDC4F8C45}.Debug|Any CPU.ActiveCfg = Debug|Any CPU
		{3284B811-2F12-4FC6-B1E8-19ECDC4F8C45}.Debug|Any CPU.Build.0 = Debug|Any CPU
		{3284B811-2F12-4FC6-B1E8-19ECDC4F8C45}.Release|Any CPU.ActiveCfg = Release|Any CPU
		{3284B811-2F12-4FC6-B1E8-19ECDC4F8C45}.Release|Any CPU.Build.0 = Release|Any CPU
	EndGlobalSection
	GlobalSection(SolutionProperties) = preSolution
		HideSolutionNode = FALSE
	EndGlobalSection
	GlobalSection(ExtensibilityGlobals) = postSolution
		SolutionGuid = {7FDFA9EE-A376-4384-BFEC-D2D3EF2A19D2}
	EndGlobalSection
EndGlobal
