
Microsoft Visual Studio Solution File, Format Version 12.00
# Visual Studio 15
VisualStudioVersion = 15.0.26730.16
MinimumVisualStudioVersion = 10.0.40219.1
Project("{FAE04EC0-301F-11D3-BF4B-00C04F79EFBC}") = "my1114_1", "my1114_1\my1114_1.csproj", "{A7263883-F6D0-4FE1-8F60-BF2E6738A26C}"
EndProject
Global
	GlobalSection(SolutionConfigurationPlatforms) = preSolution
		Debug|Any CPU = Debug|Any CPU
		Release|Any CPU = Release|Any CPU
	EndGlobalSection
	GlobalSection(ProjectConfigurationPlatforms) = postSolution
		{A7263883-F6D0-4FE1-8F60-BF2E6738A26C}.Debug|Any CPU.ActiveCfg = Debug|Any CPU
		{A7263883-F6D0-4FE1-8F60-BF2E6738A26C}.Debug|Any CPU.Build.0 = Debug|Any CPU
		{A7263883-F6D0-4FE1-8F60-BF2E6738A26C}.Release|Any CPU.ActiveCfg = Release|Any CPU
		{A7263883-F6D0-4FE1-8F60-BF2E6738A26C}.Release|Any CPU.Build.0 = Release|Any CPU
	EndGlobalSection
	GlobalSection(SolutionProperties) = preSolution
		HideSolutionNode = FALSE
	EndGlobalSection
	GlobalSection(ExtensibilityGlobals) = postSolution
		SolutionGuid = {1B1CE748-FAAF-4BF6-8912-17F67F9E91C3}
	EndGlobalSection
EndGlobal
