
Microsoft Visual Studio Solution File, Format Version 12.00
# Visual Studio 15
VisualStudioVersion = 15.0.26730.16
MinimumVisualStudioVersion = 10.0.40219.1
Project("{FAE04EC0-301F-11D3-BF4B-00C04F79EFBC}") = "my1114-1", "my1114-1\my1114-1.csproj", "{4F232C2B-D543-4B25-9B55-A7FB01786775}"
EndProject
Global
	GlobalSection(SolutionConfigurationPlatforms) = preSolution
		Debug|Any CPU = Debug|Any CPU
		Release|Any CPU = Release|Any CPU
	EndGlobalSection
	GlobalSection(ProjectConfigurationPlatforms) = postSolution
		{4F232C2B-D543-4B25-9B55-A7FB01786775}.Debug|Any CPU.ActiveCfg = Debug|Any CPU
		{4F232C2B-D543-4B25-9B55-A7FB01786775}.Debug|Any CPU.Build.0 = Debug|Any CPU
		{4F232C2B-D543-4B25-9B55-A7FB01786775}.Release|Any CPU.ActiveCfg = Release|Any CPU
		{4F232C2B-D543-4B25-9B55-A7FB01786775}.Release|Any CPU.Build.0 = Release|Any CPU
	EndGlobalSection
	GlobalSection(SolutionProperties) = preSolution
		HideSolutionNode = FALSE
	EndGlobalSection
	GlobalSection(ExtensibilityGlobals) = postSolution
		SolutionGuid = {002F964F-80B1-40F5-B743-A3FFEFF73CA3}
	EndGlobalSection
EndGlobal
